
Microsoft Visual Studio Solution File, Format Version 12.00
# Visual Studio 15
VisualStudioVersion = 15.0.27130.2010
MinimumVisualStudioVersion = 10.0.40219.1
Project("{FAE04EC0-301F-11D3-BF4B-00C04F79EFBC}") = "FormatterProject", "FormatterProject\FormatterProject.csproj", "{45B88688-804C-4B36-B03E-D6245B4B565E}"
EndProject
Global
	GlobalSection(SolutionConfigurationPlatforms) = preSolution
		Debug|Any CPU = Debug|Any CPU
		Release|Any CPU = Release|Any CPU
	EndGlobalSection
	GlobalSection(ProjectConfigurationPlatforms) = postSolution
		{45B88688-804C-4B36-B03E-D6245B4B565E}.Debug|Any CPU.ActiveCfg = Debug|Any CPU
		{45B88688-804C-4B36-B03E-D6245B4B565E}.Debug|Any CPU.Build.0 = Debug|Any CPU
		{45B88688-804C-4B36-B03E-D6245B4B565E}.Release|Any CPU.ActiveCfg = Release|Any CPU
		{45B88688-804C-4B36-B03E-D6245B4B565E}.Release|Any CPU.Build.0 = Release|Any CPU
	EndGlobalSection
	GlobalSection(SolutionProperties) = preSolution
		HideSolutionNode = FALSE
	EndGlobalSection
	GlobalSection(ExtensibilityGlobals) = postSolution
		SolutionGuid = {1B071366-84D6-4E14-9F9B-66CC9632776C}
	EndGlobalSection
EndGlobal
